
Microsoft Visual Studio Solution File, Format Version 12.00
# Visual Studio 15
VisualStudioVersion = 15.0.26430.16
MinimumVisualStudioVersion = 10.0.40219.1
Project("{FAE04EC0-301F-11D3-BF4B-00C04F79EFBC}") = "App4.Android", "App4\App4.Android\App4.Android.csproj", "{2E771193-35A9-41DB-90A8-96317424AAC8}"
EndProject
Project("{FAE04EC0-301F-11D3-BF4B-00C04F79EFBC}") = "App4", "App4\App4\App4.csproj", "{D8A7F2DA-DE73-46D9-8406-0B20BDF2545A}"
EndProject
Project("{FAE04EC0-301F-11D3-BF4B-00C04F79EFBC}") = "App4.UWP", "App4\App4.UWP\App4.UWP.csproj", "{702E046E-E840-468C-B6B1-5730B5E52648}"
EndProject
Project("{FAE04EC0-301F-11D3-BF4B-00C04F79EFBC}") = "App4.iOS", "App4\App4.iOS\App4.iOS.csproj", "{268C48F3-9411-4AF1-AAA3-446EC028709B}"
EndProject
Global
	GlobalSection(SolutionConfigurationPlatforms) = preSolution
		Ad-Hoc|Any CPU = Ad-Hoc|Any CPU
		Ad-Hoc|ARM = Ad-Hoc|ARM
		Ad-Hoc|iPhone = Ad-Hoc|iPhone
		Ad-Hoc|iPhoneSimulator = Ad-Hoc|iPhoneSimulator
		Ad-Hoc|x64 = Ad-Hoc|x64
		Ad-Hoc|x86 = Ad-Hoc|x86
		AppStore|Any CPU = AppStore|Any CPU
		AppStore|ARM = AppStore|ARM
		AppStore|iPhone = AppStore|iPhone
		AppStore|iPhoneSimulator = AppStore|iPhoneSimulator
		AppStore|x64 = AppStore|x64
		AppStore|x86 = AppStore|x86
		Debug|Any CPU = Debug|Any CPU
		Debug|ARM = Debug|ARM
		Debug|iPhone = Debug|iPhone
		Debug|iPhoneSimulator = Debug|iPhoneSimulator
		Debug|x64 = Debug|x64
		Debug|x86 = Debug|x86
		Release|Any CPU = Release|Any CPU
		Release|ARM = Release|ARM
		Release|iPhone = Release|iPhone
		Release|iPhoneSimulator = Release|iPhoneSimulator
		Release|x64 = Release|x64
		Release|x86 = Release|x86
	EndGlobalSection
	GlobalSection(ProjectConfigurationPlatforms) = postSolution
		{2E771193-35A9-41DB-90A8-96317424AAC8}.Ad-Hoc|Any CPU.ActiveCfg = Release|Any CPU
		{2E771193-35A9-41DB-90A8-96317424AAC8}.Ad-Hoc|Any CPU.Build.0 = Release|Any CPU
		{2E771193-35A9-41DB-90A8-96317424AAC8}.Ad-Hoc|Any CPU.Deploy.0 = Release|Any CPU
		{2E771193-35A9-41DB-90A8-96317424AAC8}.Ad-Hoc|ARM.ActiveCfg = Release|Any CPU
		{2E771193-35A9-41DB-90A8-96317424AAC8}.Ad-Hoc|ARM.Build.0 = Release|Any CPU
		{2E771193-35A9-41DB-90A8-96317424AAC8}.Ad-Hoc|ARM.Deploy.0 = Release|Any CPU
		{2E771193-35A9-41DB-90A8-96317424AAC8}.Ad-Hoc|iPhone.ActiveCfg = Release|Any CPU
		{2E771193-35A9-41DB-90A8-96317424AAC8}.Ad-Hoc|iPhone.Build.0 = Release|Any CPU
		{2E771193-35A9-41DB-90A8-96317424AAC8}.Ad-Hoc|iPhone.Deploy.0 = Release|Any CPU
		{2E771193-35A9-41DB-90A8-96317424AAC8}.Ad-Hoc|iPhoneSimulator.ActiveCfg = Release|Any CPU
		{2E771193-35A9-41DB-90A8-96317424AAC8}.Ad-Hoc|iPhoneSimulator.Build.0 = Release|Any CPU
		{2E771193-35A9-41DB-90A8-96317424AAC8}.Ad-Hoc|iPhoneSimulator.Deploy.0 = Release|Any CPU
		{2E771193-35A9-41DB-90A8-96317424AAC8}.Ad-Hoc|x64.ActiveCfg = Release|Any CPU
		{2E771193-35A9-41DB-90A8-96317424AAC8}.Ad-Hoc|x64.Build.0 = Release|Any CPU
		{2E771193-35A9-41DB-90A8-96317424AAC8}.Ad-Hoc|x64.Deploy.0 = Release|Any CPU
		{2E771193-35A9-41DB-90A8-96317424AAC8}.Ad-Hoc|x86.ActiveCfg = Release|Any CPU
		{2E771193-35A9-41DB-90A8-96317424AAC8}.Ad-Hoc|x86.Build.0 = Release|Any CPU
		{2E771193-35A9-41DB-90A8-96317424AAC8}.Ad-Hoc|x86.Deploy.0 = Release|Any CPU
		{2E771193-35A9-41DB-90A8-96317424AAC8}.AppStore|Any CPU.ActiveCfg = Release|Any CPU
		{2E771193-35A9-41DB-90A8-96317424AAC8}.AppStore|Any CPU.Build.0 = Release|Any CPU
		{2E771193-35A9-41DB-90A8-96317424AAC8}.AppStore|Any CPU.Deploy.0 = Release|Any CPU
		{2E771193-35A9-41DB-90A8-96317424AAC8}.AppStore|ARM.ActiveCfg = Release|Any CPU
		{2E771193-35A9-41DB-90A8-96317424AAC8}.AppStore|ARM.Build.0 = Release|Any CPU
		{2E771193-35A9-41DB-90A8-96317424AAC8}.AppStore|ARM.Deploy.0 = Release|Any CPU
		{2E771193-35A9-41DB-90A8-96317424AAC8}.AppStore|iPhone.ActiveCfg = Release|Any CPU
		{2E771193-35A9-41DB-90A8-96317424AAC8}.AppStore|iPhone.Build.0 = Release|Any CPU
		{2E771193-35A9-41DB-90A8-96317424AAC8}.AppStore|iPhone.Deploy.0 = Release|Any CPU
		{2E771193-35A9-41DB-90A8-96317424AAC8}.AppStore|iPhoneSimulator.ActiveCfg = Release|Any CPU
		{2E771193-35A9-41DB-90A8-96317424AAC8}.AppStore|iPhoneSimulator.Build.0 = Release|Any CPU
		{2E771193-35A9-41DB-90A8-96317424AAC8}.AppStore|iPhoneSimulator.Deploy.0 = Release|Any CPU
		{2E771193-35A9-41DB-90A8-96317424AAC8}.AppStore|x64.ActiveCfg = Release|Any CPU
		{2E771193-35A9-41DB-90A8-96317424AAC8}.AppStore|x64.Build.0 = Release|Any CPU
		{2E771193-35A9-41DB-90A8-96317424AAC8}.AppStore|x64.Deploy.0 = Release|Any CPU
		{2E771193-35A9-41DB-90A8-96317424AAC8}.AppStore|x86.ActiveCfg = Release|Any CPU
		{2E771193-35A9-41DB-90A8-96317424AAC8}.AppStore|x86.Build.0 = Release|Any CPU
		{2E771193-35A9-41DB-90A8-96317424AAC8}.AppStore|x86.Deploy.0 = Release|Any CPU
		{2E771193-35A9-41DB-90A8-96317424AAC8}.Debug|Any CPU.ActiveCfg = Debug|Any CPU
		{2E771193-35A9-41DB-90A8-96317424AAC8}.Debug|Any CPU.Build.0 = Debug|Any CPU
		{2E771193-35A9-41DB-90A8-96317424AAC8}.Debug|Any CPU.Deploy.0 = Debug|Any CPU
		{2E771193-35A9-41DB-90A8-96317424AAC8}.Debug|ARM.ActiveCfg = Debug|Any CPU
		{2E771193-35A9-41DB-90A8-96317424AAC8}.Debug|ARM.Build.0 = Debug|Any CPU
		{2E771193-35A9-41DB-90A8-96317424AAC8}.Debug|ARM.Deploy.0 = Debug|Any CPU
		{2E771193-35A9-41DB-90A8-96317424AAC8}.Debug|iPhone.ActiveCfg = Debug|Any CPU
		{2E771193-35A9-41DB-90A8-96317424AAC8}.Debug|iPhone.Build.0 = Debug|Any CPU
		{2E771193-35A9-41DB-90A8-96317424AAC8}.Debug|iPhone.Deploy.0 = Debug|Any CPU
		{2E771193-35A9-41DB-90A8-96317424AAC8}.Debug|iPhoneSimulator.ActiveCfg = Debug|Any CPU
		{2E771193-35A9-41DB-90A8-96317424AAC8}.Debug|iPhoneSimulator.Build.0 = Debug|Any CPU
		{2E771193-35A9-41DB-90A8-96317424AAC8}.Debug|iPhoneSimulator.Deploy.0 = Debug|Any CPU
		{2E771193-35A9-41DB-90A8-96317424AAC8}.Debug|x64.ActiveCfg = Debug|Any CPU
		{2E771193-35A9-41DB-90A8-96317424AAC8}.Debug|x64.Build.0 = Debug|Any CPU
		{2E771193-35A9-41DB-90A8-96317424AAC8}.Debug|x64.Deploy.0 = Debug|Any CPU
		{2E771193-35A9-41DB-90A8-96317424AAC8}.Debug|x86.ActiveCfg = Debug|Any CPU
		{2E771193-35A9-41DB-90A8-96317424AAC8}.Debug|x86.Build.0 = Debug|Any CPU
		{2E771193-35A9-41DB-90A8-96317424AAC8}.Debug|x86.Deploy.0 = Debug|Any CPU
		{2E771193-35A9-41DB-90A8-96317424AAC8}.Release|Any CPU.ActiveCfg = Release|Any CPU
		{2E771193-35A9-41DB-90A8-96317424AAC8}.Release|Any CPU.Build.0 = Release|Any CPU
		{2E771193-35A9-41DB-90A8-96317424AAC8}.Release|Any CPU.Deploy.0 = Release|Any CPU
		{2E771193-35A9-41DB-90A8-96317424AAC8}.Release|ARM.ActiveCfg = Release|Any CPU
		{2E771193-35A9-41DB-90A8-96317424AAC8}.Release|ARM.Build.0 = Release|Any CPU
		{2E771193-35A9-41DB-90A8-96317424AAC8}.Release|ARM.Deploy.0 = Release|Any CPU
		{2E771193-35A9-41DB-90A8-96317424AAC8}.Release|iPhone.ActiveCfg = Release|Any CPU
		{2E771193-35A9-41DB-90A8-96317424AAC8}.Release|iPhone.Build.0 = Release|Any CPU
		{2E771193-35A9-41DB-90A8-96317424AAC8}.Release|iPhone.Deploy.0 = Release|Any CPU
		{2E771193-35A9-41DB-90A8-96317424AAC8}.Release|iPhoneSimulator.ActiveCfg = Release|Any CPU
		{2E771193-35A9-41DB-90A8-96317424AAC8}.Release|iPhoneSimulator.Build.0 = Release|Any CPU
		{2E771193-35A9-41DB-90A8-96317424AAC8}.Release|iPhoneSimulator.Deploy.0 = Release|Any CPU
		{2E771193-35A9-41DB-90A8-96317424AAC8}.Release|x64.ActiveCfg = Release|Any CPU
		{2E771193-35A9-41DB-90A8-96317424AAC8}.Release|x64.Build.0 = Release|Any CPU
		{2E771193-35A9-41DB-90A8-96317424AAC8}.Release|x64.Deploy.0 = Release|Any CPU
		{2E771193-35A9-41DB-90A8-96317424AAC8}.Release|x86.ActiveCfg = Release|Any CPU
		{2E771193-35A9-41DB-90A8-96317424AAC8}.Release|x86.Build.0 = Release|Any CPU
		{2E771193-35A9-41DB-90A8-96317424AAC8}.Release|x86.Deploy.0 = Release|Any CPU
		{D8A7F2DA-DE73-46D9-8406-0B20BDF2545A}.Ad-Hoc|Any CPU.ActiveCfg = Release|Any CPU
		{D8A7F2DA-DE73-46D9-8406-0B20BDF2545A}.Ad-Hoc|Any CPU.Build.0 = Release|Any CPU
		{D8A7F2DA-DE73-46D9-8406-0B20BDF2545A}.Ad-Hoc|ARM.ActiveCfg = Release|Any CPU
		{D8A7F2DA-DE73-46D9-8406-0B20BDF2545A}.Ad-Hoc|ARM.Build.0 = Release|Any CPU
		{D8A7F2DA-DE73-46D9-8406-0B20BDF2545A}.Ad-Hoc|iPhone.ActiveCfg = Release|Any CPU
		{D8A7F2DA-DE73-46D9-8406-0B20BDF2545A}.Ad-Hoc|iPhone.Build.0 = Release|Any CPU
		{D8A7F2DA-DE73-46D9-8406-0B20BDF2545A}.Ad-Hoc|iPhoneSimulator.ActiveCfg = Release|Any CPU
		{D8A7F2DA-DE73-46D9-8406-0B20BDF2545A}.Ad-Hoc|iPhoneSimulator.Build.0 = Release|Any CPU
		{D8A7F2DA-DE73-46D9-8406-0B20BDF2545A}.Ad-Hoc|x64.ActiveCfg = Release|Any CPU
		{D8A7F2DA-DE73-46D9-8406-0B20BDF2545A}.Ad-Hoc|x64.Build.0 = Release|Any CPU
		{D8A7F2DA-DE73-46D9-8406-0B20BDF2545A}.Ad-Hoc|x86.ActiveCfg = Release|Any CPU
		{D8A7F2DA-DE73-46D9-8406-0B20BDF2545A}.Ad-Hoc|x86.Build.0 = Release|Any CPU
		{D8A7F2DA-DE73-46D9-8406-0B20BDF2545A}.AppStore|Any CPU.ActiveCfg = Release|Any CPU
		{D8A7F2DA-DE73-46D9-8406-0B20BDF2545A}.AppStore|Any CPU.Build.0 = Release|Any CPU
		{D8A7F2DA-DE73-46D9-8406-0B20BDF2545A}.AppStore|ARM.ActiveCfg = Release|Any CPU
		{D8A7F2DA-DE73-46D9-8406-0B20BDF2545A}.AppStore|ARM.Build.0 = Release|Any CPU
		{D8A7F2DA-DE73-46D9-8406-0B20BDF2545A}.AppStore|iPhone.ActiveCfg = Release|Any CPU
		{D8A7F2DA-DE73-46D9-8406-0B20BDF2545A}.AppStore|iPhone.Build.0 = Release|Any CPU
		{D8A7F2DA-DE73-46D9-8406-0B20BDF2545A}.AppStore|iPhoneSimulator.ActiveCfg = Release|Any CPU
		{D8A7F2DA-DE73-46D9-8406-0B20BDF2545A}.AppStore|iPhoneSimulator.Build.0 = Release|Any CPU
		{D8A7F2DA-DE73-46D9-8406-0B20BDF2545A}.AppStore|x64.ActiveCfg = Release|Any CPU
		{D8A7F2DA-DE73-46D9-8406-0B20BDF2545A}.AppStore|x64.Build.0 = Release|Any CPU
		{D8A7F2DA-DE73-46D9-8406-0B20BDF2545A}.AppStore|x86.ActiveCfg = Release|Any CPU
		{D8A7F2DA-DE73-46D9-8406-0B20BDF2545A}.AppStore|x86.Build.0 = Release|Any CPU
		{D8A7F2DA-DE73-46D9-8406-0B20BDF2545A}.Debug|Any CPU.ActiveCfg = Debug|Any CPU
		{D8A7F2DA-DE73-46D9-8406-0B20BDF2545A}.Debug|Any CPU.Build.0 = Debug|Any CPU
		{D8A7F2DA-DE73-46D9-8406-0B20BDF2545A}.Debug|ARM.ActiveCfg = Debug|Any CPU
		{D8A7F2DA-DE73-46D9-8406-0B20BDF2545A}.Debug|ARM.Build.0 = Debug|Any CPU
		{D8A7F2DA-DE73-46D9-8406-0B20BDF2545A}.Debug|iPhone.ActiveCfg = Debug|Any CPU
		{D8A7F2DA-DE73-46D9-8406-0B20BDF2545A}.Debug|iPhone.Build.0 = Debug|Any CPU
		{D8A7F2DA-DE73-46D9-8406-0B20BDF2545A}.Debug|iPhoneSimulator.ActiveCfg = Debug|Any CPU
		{D8A7F2DA-DE73-46D9-8406-0B20BDF2545A}.Debug|iPhoneSimulator.Build.0 = Debug|Any CPU
		{D8A7F2DA-DE73-46D9-8406-0B20BDF2545A}.Debug|x64.ActiveCfg = Debug|Any CPU
		{D8A7F2DA-DE73-46D9-8406-0B20BDF2545A}.Debug|x64.Build.0 = Debug|Any CPU
		{D8A7F2DA-DE73-46D9-8406-0B20BDF2545A}.Debug|x86.ActiveCfg = Debug|Any CPU
		{D8A7F2DA-DE73-46D9-8406-0B20BDF2545A}.Debug|x86.Build.0 = Debug|Any CPU
		{D8A7F2DA-DE73-46D9-8406-0B20BDF2545A}.Release|Any CPU.ActiveCfg = Release|Any CPU
		{D8A7F2DA-DE73-46D9-8406-0B20BDF2545A}.Release|Any CPU.Build.0 = Release|Any CPU
		{D8A7F2DA-DE73-46D9-8406-0B20BDF2545A}.Release|ARM.ActiveCfg = Release|Any CPU
		{D8A7F2DA-DE73-46D9-8406-0B20BDF2545A}.Release|ARM.Build.0 = Release|Any CPU
		{D8A7F2DA-DE73-46D9-8406-0B20BDF2545A}.Release|iPhone.ActiveCfg = Release|Any CPU
		{D8A7F2DA-DE73-46D9-8406-0B20BDF2545A}.Release|iPhone.Build.0 = Release|Any CPU
		{D8A7F2DA-DE73-46D9-8406-0B20BDF2545A}.Release|iPhoneSimulator.ActiveCfg = Release|Any CPU
		{D8A7F2DA-DE73-46D9-8406-0B20BDF2545A}.Release|iPhoneSimulator.Build.0 = Release|Any CPU
		{D8A7F2DA-DE73-46D9-8406-0B20BDF2545A}.Release|x64.ActiveCfg = Release|Any CPU
		{D8A7F2DA-DE73-46D9-8406-0B20BDF2545A}.Release|x64.Build.0 = Release|Any CPU
		{D8A7F2DA-DE73-46D9-8406-0B20BDF2545A}.Release|x86.ActiveCfg = Release|Any CPU
		{D8A7F2DA-DE73-46D9-8406-0B20BDF2545A}.Release|x86.Build.0 = Release|Any CPU
		{702E046E-E840-468C-B6B1-5730B5E52648}.Ad-Hoc|Any CPU.ActiveCfg = Release|x86
		{702E046E-E840-468C-B6B1-5730B5E52648}.Ad-Hoc|Any CPU.Build.0 = Release|x86
		{702E046E-E840-468C-B6B1-5730B5E52648}.Ad-Hoc|Any CPU.Deploy.0 = Release|x86
		{702E046E-E840-468C-B6B1-5730B5E52648}.Ad-Hoc|ARM.ActiveCfg = Release|ARM
		{702E046E-E840-468C-B6B1-5730B5E52648}.Ad-Hoc|ARM.Build.0 = Release|ARM
		{702E046E-E840-468C-B6B1-5730B5E52648}.Ad-Hoc|ARM.Deploy.0 = Release|ARM
		{702E046E-E840-468C-B6B1-5730B5E52648}.Ad-Hoc|iPhone.ActiveCfg = Release|x86
		{702E046E-E840-468C-B6B1-5730B5E52648}.Ad-Hoc|iPhone.Build.0 = Release|x86
		{702E046E-E840-468C-B6B1-5730B5E52648}.Ad-Hoc|iPhone.Deploy.0 = Release|x86
		{702E046E-E840-468C-B6B1-5730B5E52648}.Ad-Hoc|iPhoneSimulator.ActiveCfg = Release|x86
		{702E046E-E840-468C-B6B1-5730B5E52648}.Ad-Hoc|iPhoneSimulator.Build.0 = Release|x86
		{702E046E-E840-468C-B6B1-5730B5E52648}.Ad-Hoc|iPhoneSimulator.Deploy.0 = Release|x86
		{702E046E-E840-468C-B6B1-5730B5E52648}.Ad-Hoc|x64.ActiveCfg = Release|x64
		{702E046E-E840-468C-B6B1-5730B5E52648}.Ad-Hoc|x64.Build.0 = Release|x64
		{702E046E-E840-468C-B6B1-5730B5E52648}.Ad-Hoc|x64.Deploy.0 = Release|x64
		{702E046E-E840-468C-B6B1-5730B5E52648}.Ad-Hoc|x86.ActiveCfg = Release|x86
		{702E046E-E840-468C-B6B1-5730B5E52648}.Ad-Hoc|x86.Build.0 = Release|x86
		{702E046E-E840-468C-B6B1-5730B5E52648}.Ad-Hoc|x86.Deploy.0 = Release|x86
		{702E046E-E840-468C-B6B1-5730B5E52648}.AppStore|Any CPU.ActiveCfg = Release|x86
		{702E046E-E840-468C-B6B1-5730B5E52648}.AppStore|Any CPU.Build.0 = Release|x86
		{702E046E-E840-468C-B6B1-5730B5E52648}.AppStore|Any CPU.Deploy.0 = Release|x86
		{702E046E-E840-468C-B6B1-5730B5E52648}.AppStore|ARM.ActiveCfg = Release|ARM
		{702E046E-E840-468C-B6B1-5730B5E52648}.AppStore|ARM.Build.0 = Release|ARM
		{702E046E-E840-468C-B6B1-5730B5E52648}.AppStore|ARM.Deploy.0 = Release|ARM
		{702E046E-E840-468C-B6B1-5730B5E52648}.AppStore|iPhone.ActiveCfg = Release|x86
		{702E046E-E840-468C-B6B1-5730B5E52648}.AppStore|iPhone.Build.0 = Release|x86
		{702E046E-E840-468C-B6B1-5730B5E52648}.AppStore|iPhone.Deploy.0 = Release|x86
		{702E046E-E840-468C-B6B1-5730B5E52648}.AppStore|iPhoneSimulator.ActiveCfg = Release|x86
		{702E046E-E840-468C-B6B1-5730B5E52648}.AppStore|iPhoneSimulator.Build.0 = Release|x86
		{702E046E-E840-468C-B6B1-5730B5E52648}.AppStore|iPhoneSimulator.Deploy.0 = Release|x86
		{702E046E-E840-468C-B6B1-5730B5E52648}.AppStore|x64.ActiveCfg = Release|x64
		{702E046E-E840-468C-B6B1-5730B5E52648}.AppStore|x64.Build.0 = Release|x64
		{702E046E-E840-468C-B6B1-5730B5E52648}.AppStore|x64.Deploy.0 = Release|x64
		{702E046E-E840-468C-B6B1-5730B5E52648}.AppStore|x86.ActiveCfg = Release|x86
		{702E046E-E840-468C-B6B1-5730B5E52648}.AppStore|x86.Build.0 = Release|x86
		{702E046E-E840-468C-B6B1-5730B5E52648}.AppStore|x86.Deploy.0 = Release|x86
		{702E046E-E840-468C-B6B1-5730B5E52648}.Debug|Any CPU.ActiveCfg = Debug|x86
		{702E046E-E840-468C-B6B1-5730B5E52648}.Debug|ARM.ActiveCfg = Debug|ARM
		{702E046E-E840-468C-B6B1-5730B5E52648}.Debug|ARM.Build.0 = Debug|ARM
		{702E046E-E840-468C-B6B1-5730B5E52648}.Debug|ARM.Deploy.0 = Debug|ARM
		{702E046E-E840-468C-B6B1-5730B5E52648}.Debug|iPhone.ActiveCfg = Debug|x86
		{702E046E-E840-468C-B6B1-5730B5E52648}.Debug|iPhoneSimulator.ActiveCfg = Debug|x86
		{702E046E-E840-468C-B6B1-5730B5E52648}.Debug|x64.ActiveCfg = Debug|x64
		{702E046E-E840-468C-B6B1-5730B5E52648}.Debug|x64.Build.0 = Debug|x64
		{702E046E-E840-468C-B6B1-5730B5E52648}.Debug|x64.Deploy.0 = Debug|x64
		{702E046E-E840-468C-B6B1-5730B5E52648}.Debug|x86.ActiveCfg = Debug|x86
		{702E046E-E840-468C-B6B1-5730B5E52648}.Debug|x86.Build.0 = Debug|x86
		{702E046E-E840-468C-B6B1-5730B5E52648}.Debug|x86.Deploy.0 = Debug|x86
		{702E046E-E840-468C-B6B1-5730B5E52648}.Release|Any CPU.ActiveCfg = Release|x86
		{702E046E-E840-468C-B6B1-5730B5E52648}.Release|ARM.ActiveCfg = Release|ARM
		{702E046E-E840-468C-B6B1-5730B5E52648}.Release|ARM.Build.0 = Release|ARM
		{702E046E-E840-468C-B6B1-5730B5E52648}.Release|ARM.Deploy.0 = Release|ARM
		{702E046E-E840-468C-B6B1-5730B5E52648}.Release|iPhone.ActiveCfg = Release|x86
		{702E046E-E840-468C-B6B1-5730B5E52648}.Release|iPhoneSimulator.ActiveCfg = Release|x86
		{702E046E-E840-468C-B6B1-5730B5E52648}.Release|x64.ActiveCfg = Release|x64
		{702E046E-E840-468C-B6B1-5730B5E52648}.Release|x64.Build.0 = Release|x64
		{702E046E-E840-468C-B6B1-5730B5E52648}.Release|x64.Deploy.0 = Release|x64
		{702E046E-E840-468C-B6B1-5730B5E52648}.Release|x86.ActiveCfg = Release|x86
		{702E046E-E840-468C-B6B1-5730B5E52648}.Release|x86.Build.0 = Release|x86
		{702E046E-E840-468C-B6B1-5730B5E52648}.Release|x86.Deploy.0 = Release|x86
		{268C48F3-9411-4AF1-AAA3-446EC028709B}.Ad-Hoc|Any CPU.ActiveCfg = Ad-Hoc|iPhone
		{268C48F3-9411-4AF1-AAA3-446EC028709B}.Ad-Hoc|ARM.ActiveCfg = Ad-Hoc|iPhone
		{268C48F3-9411-4AF1-AAA3-446EC028709B}.Ad-Hoc|iPhone.ActiveCfg = Ad-Hoc|iPhone
		{268C48F3-9411-4AF1-AAA3-446EC028709B}.Ad-Hoc|iPhone.Build.0 = Ad-Hoc|iPhone
		{268C48F3-9411-4AF1-AAA3-446EC028709B}.Ad-Hoc|iPhoneSimulator.ActiveCfg = Ad-Hoc|iPhoneSimulator
		{268C48F3-9411-4AF1-AAA3-446EC028709B}.Ad-Hoc|iPhoneSimulator.Build.0 = Ad-Hoc|iPhoneSimulator
		{268C48F3-9411-4AF1-AAA3-446EC028709B}.Ad-Hoc|x64.ActiveCfg = Ad-Hoc|iPhone
		{268C48F3-9411-4AF1-AAA3-446EC028709B}.Ad-Hoc|x86.ActiveCfg = Ad-Hoc|iPhone
		{268C48F3-9411-4AF1-AAA3-446EC028709B}.AppStore|Any CPU.ActiveCfg = AppStore|iPhone
		{268C48F3-9411-4AF1-AAA3-446EC028709B}.AppStore|ARM.ActiveCfg = AppStore|iPhone
		{268C48F3-9411-4AF1-AAA3-446EC028709B}.AppStore|iPhone.ActiveCfg = AppStore|iPhone
		{268C48F3-9411-4AF1-AAA3-446EC028709B}.AppStore|iPhone.Build.0 = AppStore|iPhone
		{268C48F3-9411-4AF1-AAA3-446EC028709B}.AppStore|iPhoneSimulator.ActiveCfg = AppStore|iPhoneSimulator
		{268C48F3-9411-4AF1-AAA3-446EC028709B}.AppStore|iPhoneSimulator.Build.0 = AppStore|iPhoneSimulator
		{268C48F3-9411-4AF1-AAA3-446EC028709B}.AppStore|x64.ActiveCfg = AppStore|iPhone
		{268C48F3-9411-4AF1-AAA3-446EC028709B}.AppStore|x86.ActiveCfg = AppStore|iPhone
		{268C48F3-9411-4AF1-AAA3-446EC028709B}.Debug|Any CPU.ActiveCfg = Debug|iPhone
		{268C48F3-9411-4AF1-AAA3-446EC028709B}.Debug|ARM.ActiveCfg = Debug|iPhone
		{268C48F3-9411-4AF1-AAA3-446EC028709B}.Debug|iPhone.ActiveCfg = Debug|iPhone
		{268C48F3-9411-4AF1-AAA3-446EC028709B}.Debug|iPhone.Build.0 = Debug|iPhone
		{268C48F3-9411-4AF1-AAA3-446EC028709B}.Debug|iPhoneSimulator.ActiveCfg = Debug|iPhoneSimulator
		{268C48F3-9411-4AF1-AAA3-446EC028709B}.Debug|iPhoneSimulator.Build.0 = Debug|iPhoneSimulator
		{268C48F3-9411-4AF1-AAA3-446EC028709B}.Debug|x64.ActiveCfg = Debug|iPhone
		{268C48F3-9411-4AF1-AAA3-446EC028709B}.Debug|x86.ActiveCfg = Debug|iPhone
		{268C48F3-9411-4AF1-AAA3-446EC028709B}.Release|Any CPU.ActiveCfg = Release|iPhone
		{268C48F3-9411-4AF1-AAA3-446EC028709B}.Release|ARM.ActiveCfg = Release|iPhone
		{268C48F3-9411-4AF1-AAA3-446EC028709B}.Release|iPhone.ActiveCfg = Release|iPhone
		{268C48F3-9411-4AF1-AAA3-446EC028709B}.Release|iPhone.Build.0 = Release|iPhone
		{268C48F3-9411-4AF1-AAA3-446EC028709B}.Release|iPhoneSimulator.ActiveCfg = Release|iPhoneSimulator
		{268C48F3-9411-4AF1-AAA3-446EC028709B}.Release|iPhoneSimulator.Build.0 = Release|iPhoneSimulator
		{268C48F3-9411-4AF1-AAA3-446EC028709B}.Release|x64.ActiveCfg = Release|iPhone
		{268C48F3-9411-4AF1-AAA3-446EC028709B}.Release|x86.ActiveCfg = Release|iPhone
	EndGlobalSection
	GlobalSection(SolutionProperties) = preSolution
		HideSolutionNode = FALSE
	EndGlobalSection
EndGlobal
